
Microsoft Visual Studio Solution File, Format Version 12.00
# Visual Studio Version 16
VisualStudioVersion = 16.0.31205.134
MinimumVisualStudioVersion = 10.0.40219.1
Project("{FAE04EC0-301F-11D3-BF4B-00C04F79EFBC}") = "CodeFirst", "CodeFirst\CodeFirst.csproj", "{FAD7BD53-C55C-45D7-BC13-E8B4622CC19C}"
EndProject
Global
	GlobalSection(SolutionConfigurationPlatforms) = preSolution
		Debug|Any CPU = Debug|Any CPU
		Release|Any CPU = Release|Any CPU
	EndGlobalSection
	GlobalSection(ProjectConfigurationPlatforms) = postSolution
		{FAD7BD53-C55C-45D7-BC13-E8B4622CC19C}.Debug|Any CPU.ActiveCfg = Debug|Any CPU
		{FAD7BD53-C55C-45D7-BC13-E8B4622CC19C}.Debug|Any CPU.Build.0 = Debug|Any CPU
		{FAD7BD53-C55C-45D7-BC13-E8B4622CC19C}.Release|Any CPU.ActiveCfg = Release|Any CPU
		{FAD7BD53-C55C-45D7-BC13-E8B4622CC19C}.Release|Any CPU.Build.0 = Release|Any CPU
	EndGlobalSection
	GlobalSection(SolutionProperties) = preSolution
		HideSolutionNode = FALSE
	EndGlobalSection
	GlobalSection(ExtensibilityGlobals) = postSolution
		SolutionGuid = {F2A1B7F6-1A34-423E-B3C8-DBED60EC0AEE}
	EndGlobalSection
EndGlobal
